
Microsoft Visual Studio Solution File, Format Version 12.00
# Visual Studio 2012
Project("{8BC9CEB8-8B4A-11D0-8D11-00A0C91BC942}") = "Dates", "Dates\Dates.vcxproj", "{F55577EF-2E12-4DF3-8837-5181F771AF11}"
EndProject
Global
	GlobalSection(SolutionConfigurationPlatforms) = preSolution
		Debug|Win32 = Debug|Win32
		Release|Win32 = Release|Win32
	EndGlobalSection
	GlobalSection(ProjectConfigurationPlatforms) = postSolution
		{F55577EF-2E12-4DF3-8837-5181F771AF11}.Debug|Win32.ActiveCfg = Debug|Win32
		{F55577EF-2E12-4DF3-8837-5181F771AF11}.Debug|Win32.Build.0 = Debug|Win32
		{F55577EF-2E12-4DF3-8837-5181F771AF11}.Release|Win32.ActiveCfg = Release|Win32
		{F55577EF-2E12-4DF3-8837-5181F771AF11}.Release|Win32.Build.0 = Release|Win32
	EndGlobalSection
	GlobalSection(SolutionProperties) = preSolution
		HideSolutionNode = FALSE
	EndGlobalSection
EndGlobal
